// !$*UTF8*$!
{
	archiveVersion = 1;
	classes = {
	};
	objectVersion = 50;
	objects = {

/* Begin PBXBuildFile section */
		CD75A9CD25FC6D3400A58957 /* AppDelegate.swift in Sources */ = {isa = PBXBuildFile; fileRef = CD75A9CC25FC6D3400A58957 /* AppDelegate.swift */; };
		CD75A9CF25FC6D3400A58957 /* SceneDelegate.swift in Sources */ = {isa = PBXBuildFile; fileRef = CD75A9CE25FC6D3400A58957 /* SceneDelegate.swift */; };
		CD75A9D125FC6D3400A58957 /* ViewController.swift in Sources */ = {isa = PBXBuildFile; fileRef = CD75A9D025FC6D3400A58957 /* ViewController.swift */; };
		CD75A9D425FC6D3400A58957 /* Main.storyboard in Resources */ = {isa = PBXBuildFile; fileRef = CD75A9D225FC6D3400A58957 /* Main.storyboard */; };
		CD75A9D725FC6D3400A58957 /* GymTrack.xcdatamodeld in Sources */ = {isa = PBXBuildFile; fileRef = CD75A9D525FC6D3400A58957 /* GymTrack.xcdatamodeld */; };
		CD75A9D925FC6D3800A58957 /* Assets.xcassets in Resources */ = {isa = PBXBuildFile; fileRef = CD75A9D825FC6D3800A58957 /* Assets.xcassets */; };
		CD75A9DC25FC6D3800A58957 /* LaunchScreen.storyboard in Resources */ = {isa = PBXBuildFile; fileRef = CD75A9DA25FC6D3800A58957 /* LaunchScreen.storyboard */; };
		CD9B042D260404F9005F84DE /* DayViewController.swift in Sources */ = {isa = PBXBuildFile; fileRef = CD9B042C260404F9005F84DE /* DayViewController.swift */; };
		CD9B043026041261005F84DE /* Day.swift in Sources */ = {isa = PBXBuildFile; fileRef = CD9B042F26041261005F84DE /* Day.swift */; };
/* End PBXBuildFile section */

/* Begin PBXFileReference section */
		CD75A9C925FC6D3400A58957 /* GymTrack.app */ = {isa = PBXFileReference; explicitFileType = wrapper.application; includeInIndex = 0; path = GymTrack.app; sourceTree = BUILT_PRODUCTS_DIR; };
		CD75A9CC25FC6D3400A58957 /* AppDelegate.swift */ = {isa = PBXFileReference; lastKnownFileType = sourcecode.swift; path = AppDelegate.swift; sourceTree = "<group>"; };
		CD75A9CE25FC6D3400A58957 /* SceneDelegate.swift */ = {isa = PBXFileReference; lastKnownFileType = sourcecode.swift; path = SceneDelegate.swift; sourceTree = "<group>"; };
		CD75A9D025FC6D3400A58957 /* ViewController.swift */ = {isa = PBXFileReference; lastKnownFileType = sourcecode.swift; path = ViewController.swift; sourceTree = "<group>"; };
		CD75A9D325FC6D3400A58957 /* Base */ = {isa = PBXFileReference; lastKnownFileType = file.storyboard; name = Base; path = Base.lproj/Main.storyboard; sourceTree = "<group>"; };
		CD75A9D625FC6D3400A58957 /* GymTrack.xcdatamodel */ = {isa = PBXFileReference; lastKnownFileType = wrapper.xcdatamodel; path = GymTrack.xcdatamodel; sourceTree = "<group>"; };
		CD75A9D825FC6D3800A58957 /* Assets.xcassets */ = {isa = PBXFileReference; lastKnownFileType = folder.assetcatalog; path = Assets.xcassets; sourceTree = "<group>"; };
		CD75A9DB25FC6D3800A58957 /* Base */ = {isa = PBXFileReference; lastKnownFileType = file.storyboard; name = Base; path = Base.lproj/LaunchScreen.storyboard; sourceTree = "<group>"; };
		CD75A9DD25FC6D3800A58957 /* Info.plist */ = {isa = PBXFileReference; lastKnownFileType = text.plist.xml; path = Info.plist; sourceTree = "<group>"; };
		CD9B042C260404F9005F84DE /* DayViewController.swift */ = {isa = PBXFileReference; lastKnownFileType = sourcecode.swift; path = DayViewController.swift; sourceTree = "<group>"; };
		CD9B042F26041261005F84DE /* Day.swift */ = {isa = PBXFileReference; lastKnownFileType = sourcecode.swift; path = Day.swift; sourceTree = "<group>"; };
/* End PBXFileReference section */

/* Begin PBXFrameworksBuildPhase section */
		CD75A9C625FC6D3400A58957 /* Frameworks */ = {
			isa = PBXFrameworksBuildPhase;
			buildActionMask = 2147483647;
			files = (
			);
			runOnlyForDeploymentPostprocessing = 0;
		};
/* End PBXFrameworksBuildPhase section */

/* Begin PBXGroup section */
		CD75A9C025FC6D3400A58957 = {
			isa = PBXGroup;
			children = (
				CD75A9CB25FC6D3400A58957 /* GymTrack */,
				CD75A9CA25FC6D3400A58957 /* Products */,
			);
			sourceTree = "<group>";
		};
		CD75A9CA25FC6D3400A58957 /* Products */ = {
			isa = PBXGroup;
			children = (
				CD75A9C925FC6D3400A58957 /* GymTrack.app */,
			);
			name = Products;
			sourceTree = "<group>";
		};
		CD75A9CB25FC6D3400A58957 /* GymTrack */ = {
			isa = PBXGroup;
			children = (
				CD75A9CC25FC6D3400A58957 /* AppDelegate.swift */,
				CD75A9CE25FC6D3400A58957 /* SceneDelegate.swift */,
				CD75A9D025FC6D3400A58957 /* ViewController.swift */,
				CD75A9D225FC6D3400A58957 /* Main.storyboard */,
				CD9B042F26041261005F84DE /* Day.swift */,
				CD9B042C260404F9005F84DE /* DayViewController.swift */,
				CD75A9D825FC6D3800A58957 /* Assets.xcassets */,
				CD75A9DA25FC6D3800A58957 /* LaunchScreen.storyboard */,
				CD75A9DD25FC6D3800A58957 /* Info.plist */,
				CD75A9D525FC6D3400A58957 /* GymTrack.xcdatamodeld */,
			);
			path = GymTrack;
			sourceTree = "<group>";
		};
/* End PBXGroup section */

/* Begin PBXNativeTarget section */
		CD75A9C825FC6D3400A58957 /* GymTrack */ = {
			isa = PBXNativeTarget;
			buildConfigurationList = CD75A9E025FC6D3800A58957 /* Build configuration list for PBXNativeTarget "GymTrack" */;
			buildPhases = (
				CD75A9C525FC6D3400A58957 /* Sources */,
				CD75A9C625FC6D3400A58957 /* Frameworks */,
				CD75A9C725FC6D3400A58957 /* Resources */,
			);
			buildRules = (
			);
			dependencies = (
			);
			name = GymTrack;
			productName = GymTrack;
			productReference = CD75A9C925FC6D3400A58957 /* GymTrack.app */;
			productType = "com.apple.product-type.application";
		};
/* End PBXNativeTarget section */

/* Begin PBXProject section */
		CD75A9C125FC6D3400A58957 /* Project object */ = {
			isa = PBXProject;
			attributes = {
				LastSwiftUpdateCheck = 1220;
				LastUpgradeCheck = 1220;
				TargetAttributes = {
					CD75A9C825FC6D3400A58957 = {
						CreatedOnToolsVersion = 12.2;
					};
				};
			};
			buildConfigurationList = CD75A9C425FC6D3400A58957 /* Build configuration list for PBXProject "GymTrack" */;
			compatibilityVersion = "Xcode 9.3";
			developmentRegion = en;
			hasScannedForEncodings = 0;
			knownRegions = (
				en,
				Base,
			);
			mainGroup = CD75A9C025FC6D3400A58957;
			productRefGroup = CD75A9CA25FC6D3400A58957 /* Products */;
			projectDirPath = "";
			projectRoot = "";
			targets = (
				CD75A9C825FC6D3400A58957 /* GymTrack */,
			);
		};
/* End PBXProject section */

/* Begin PBXResourcesBuildPhase section */
		CD75A9C725FC6D3400A58957 /* Resources */ = {
			isa = PBXResourcesBuildPhase;
			buildActionMask = 2147483647;
			files = (
				CD75A9DC25FC6D3800A58957 /* LaunchScreen.storyboard in Resources */,
				CD75A9D925FC6D3800A58957 /* Assets.xcassets in Resources */,
				CD75A9D425FC6D3400A58957 /* Main.storyboard in Resources */,
			);
			runOnlyForDeploymentPostprocessing = 0;
		};
/* End PBXResourcesBuildPhase section */

/* Begin PBXSourcesBuildPhase section */
		CD75A9C525FC6D3400A58957 /* Sources */ = {
			isa = PBXSourcesBuildPhase;
			buildActionMask = 2147483647;
			files = (
				CD75A9D125FC6D3400A58957 /* ViewController.swift in Sources */,
				CD9B042D260404F9005F84DE /* DayViewController.swift in Sources */,
				CD9B043026041261005F84DE /* Day.swift in Sources */,
				CD75A9CD25FC6D3400A58957 /* AppDelegate.swift in Sources */,
				CD75A9CF25FC6D3400A58957 /* SceneDelegate.swift in Sources */,
				CD75A9D725FC6D3400A58957 /* GymTrack.xcdatamodeld in Sources */,
			);
			runOnlyForDeploymentPostprocessing = 0;
		};
/* End PBXSourcesBuildPhase section */

/* Begin PBXVariantGroup section */
		CD75A9D225FC6D3400A58957 /* Main.storyboard */ = {
			isa = PBXVariantGroup;
			children = (
				CD75A9D325FC6D3400A58957 /* Base */,
			);
			name = Main.storyboard;
			sourceTree = "<group>";
		};
		CD75A9DA25FC6D3800A58957 /* LaunchScreen.storyboard */ = {
			isa = PBXVariantGroup;
			children = (
				CD75A9DB25FC6D3800A58957 /* Base */,
			);
			name = LaunchScreen.storyboard;
			sourceTree = "<group>";
		};
/* End PBXVariantGroup section */

/* Begin XCBuildConfiguration section */
		CD75A9DE25FC6D3800A58957 /* Debug */ = {
			isa = XCBuildConfiguration;
			buildSettings = {
				ALWAYS_SEARCH_USER_PATHS = NO;
				CLANG_ANALYZER_NONNULL = YES;
				CLANG_ANALYZER_NUMBER_OBJECT_CONVERSION = YES_AGGRESSIVE;
				CLANG_CXX_LANGUAGE_STANDARD = "gnu++14";
				CLANG_CXX_LIBRARY = "libc++";
				CLANG_ENABLE_MODULES = YES;
				CLANG_ENABLE_OBJC_ARC = YES;
				CLANG_ENABLE_OBJC_WEAK = YES;
				CLANG_WARN_BLOCK_CAPTURE_AUTORELEASING = YES;
				CLANG_WARN_BOOL_CONVERSION = YES;
				CLANG_WARN_COMMA = YES;
				CLANG_WARN_CONSTANT_CONVERSION = YES;
				CLANG_WARN_DEPRECATED_OBJC_IMPLEMENTATIONS = YES;
				CLANG_WARN_DIRECT_OBJC_ISA_USAGE = YES_ERROR;
				CLANG_WARN_DOCUMENTATION_COMMENTS = YES;
				CLANG_WARN_EMPTY_BODY = YES;
				CLANG_WARN_ENUM_CONVERSION = YES;
				CLANG_WARN_INFINITE_RECURSION = YES;
				CLANG_WARN_INT_CONVERSION = YES;
				CLANG_WARN_NON_LITERAL_NULL_CONVERSION = YES;
				CLANG_WARN_OBJC_IMPLICIT_RETAIN_SELF = YES;
				CLANG_WARN_OBJC_LITERAL_CONVERSION = YES;
				CLANG_WARN_OBJC_ROOT_CLASS = YES_ERROR;
				CLANG_WARN_QUOTED_INCLUDE_IN_FRAMEWORK_HEADER = YES;
				CLANG_WARN_RANGE_LOOP_ANALYSIS = YES;
				CLANG_WARN_STRICT_PROTOTYPES = YES;
				CLANG_WARN_SUSPICIOUS_MOVE = YES;
				CLANG_WARN_UNGUARDED_AVAILABILITY = YES_AGGRESSIVE;
				CLANG_WARN_UNREACHABLE_CODE = YES;
				CLANG_WARN__DUPLICATE_METHOD_MATCH = YES;
				COPY_PHASE_STRIP = NO;
				DEBUG_INFORMATION_FORMAT = dwarf;
				ENABLE_STRICT_OBJC_MSGSEND = YES;
				ENABLE_TESTABILITY = YES;
				GCC_C_LANGUAGE_STANDARD = gnu11;
				GCC_DYNAMIC_NO_PIC = NO;
				GCC_NO_COMMON_BLOCKS = YES;
				GCC_OPTIMIZATION_LEVEL = 0;
				GCC_PREPROCESSOR_DEFINITIONS = (
					"DEBUG=1",
					"$(inherited)",
				);
				GCC_WARN_64_TO_32_BIT_CONVERSION = YES;
				GCC_WARN_ABOUT_RETURN_TYPE = YES_ERROR;
				GCC_WARN_UNDECLARED_SELECTOR = YES;
				GCC_WARN_UNINITIALIZED_AUTOS = YES_AGGRESSIVE;
				GCC_WARN_UNUSED_FUNCTION = YES;
				GCC_WARN_UNUSED_VARIABLE = YES;
				IPHONEOS_DEPLOYMENT_TARGET = 14.2;
				MTL_ENABLE_DEBUG_INFO = INCLUDE_SOURCE;
				MTL_FAST_MATH = YES;
				ONLY_ACTIVE_ARCH = YES;
				SDKROOT = iphoneos;
				SWIFT_ACTIVE_COMPILATION_CONDITIONS = DEBUG;
				SWIFT_OPTIMIZATION_LEVEL = "-Onone";
			};
			name = Debug;
		};
		CD75A9DF25FC6D3800A58957 /* Release */ = {
			isa = XCBuildConfiguration;
			buildSettings = {
				ALWAYS_SEARCH_USER_PATHS = NO;
				CLANG_ANALYZER_NONNULL = YES;
				CLANG_ANALYZER_NUMBER_OBJECT_CONVERSION = YES_AGGRESSIVE;
				CLANG_CXX_LANGUAGE_STANDARD = "gnu++14";
				CLANG_CXX_LIBRARY = "libc++";
				CLANG_ENABLE_MODULES = YES;
				CLANG_ENABLE_OBJC_ARC = YES;
				CLANG_ENABLE_OBJC_WEAK = YES;
				CLANG_WARN_BLOCK_CAPTURE_AUTORELEASING = YES;
				CLANG_WARN_BOOL_CONVERSION = YES;
				CLANG_WARN_COMMA = YES;
				CLANG_WARN_CONSTANT_CONVERSION = YES;
				CLANG_WARN_DEPRECATED_OBJC_IMPLEMENTATIONS = YES;
				CLANG_WARN_DIRECT_OBJC_ISA_USAGE = YES_ERROR;
				CLANG_WARN_DOCUMENTATION_COMMENTS = YES;
				CLANG_WARN_EMPTY_BODY = YES;
				CLANG_WARN_ENUM_CONVERSION = YES;
				CLANG_WARN_INFINITE_RECURSION = YES;
				CLANG_WARN_INT_CONVERSION = YES;
				CLANG_WARN_NON_LITERAL_NULL_CONVERSION = YES;
				CLANG_WARN_OBJC_IMPLICIT_RETAIN_SELF = YES;
				CLANG_WARN_OBJC_LITERAL_CONVERSION = YES;
				CLANG_WARN_OBJC_ROOT_CLASS = YES_ERROR;
				CLANG_WARN_QUOTED_INCLUDE_IN_FRAMEWORK_HEADER = YES;
				CLANG_WARN_RANGE_LOOP_ANALYSIS = YES;
				CLANG_WARN_STRICT_PROTOTYPES = YES;
				CLANG_WARN_SUSPICIOUS_MOVE = YES;
				CLANG_WARN_UNGUARDED_AVAILABILITY = YES_AGGRESSIVE;
				CLANG_WARN_UNREACHABLE_CODE = YES;
				CLANG_WARN__DUPLICATE_METHOD_MATCH = YES;
				COPY_PHASE_STRIP = NO;
				DEBUG_INFORMATION_FORMAT = "dwarf-with-dsym";
				ENABLE_NS_ASSERTIONS = NO;
				ENABLE_STRICT_OBJC_MSGSEND = YES;
				GCC_C_LANGUAGE_STANDARD = gnu11;
				GCC_NO_COMMON_BLOCKS = YES;
				GCC_WARN_64_TO_32_BIT_CONVERSION = YES;
				GCC_WARN_ABOUT_RETURN_TYPE = YES_ERROR;
				GCC_WARN_UNDECLARED_SELECTOR = YES;
				GCC_WARN_UNINITIALIZED_AUTOS = YES_AGGRESSIVE;
				GCC_WARN_UNUSED_FUNCTION = YES;
				GCC_WARN_UNUSED_VARIABLE = YES;
				IPHONEOS_DEPLOYMENT_TARGET = 14.2;
				MTL_ENABLE_DEBUG_INFO = NO;
				MTL_FAST_MATH = YES;
				SDKROOT = iphoneos;
				SWIFT_COMPILATION_MODE = wholemodule;
				SWIFT_OPTIMIZATION_LEVEL = "-O";
				VALIDATE_PRODUCT = YES;
			};
			name = Release;
		};
		CD75A9E125FC6D3800A58957 /* Debug */ = {
			isa = XCBuildConfiguration;
			buildSettings = {
				ASSETCATALOG_COMPILER_APPICON_NAME = AppIcon;
				ASSETCATALOG_COMPILER_GLOBAL_ACCENT_COLOR_NAME = AccentColor;
				CODE_SIGN_STYLE = Automatic;
				DEVELOPMENT_TEAM = DV7EY9S3QY;
				INFOPLIST_FILE = GymTrack/Info.plist;
				LD_RUNPATH_SEARCH_PATHS = (
					"$(inherited)",
					"@executable_path/Frameworks",
				);
				PRODUCT_BUNDLE_IDENTIFIER = com.caesargutierrez.GymTrack;
				PRODUCT_NAME = "$(TARGET_NAME)";
				SWIFT_VERSION = 5.0;
				TARGETED_DEVICE_FAMILY = "1,2";
			};
			name = Debug;
		};
		CD75A9E225FC6D3800A58957 /* Release */ = {
			isa = XCBuildConfiguration;
			buildSettings = {
				ASSETCATALOG_COMPILER_APPICON_NAME = AppIcon;
				ASSETCATALOG_COMPILER_GLOBAL_ACCENT_COLOR_NAME = AccentColor;
				CODE_SIGN_STYLE = Automatic;
				DEVELOPMENT_TEAM = DV7EY9S3QY;
				INFOPLIST_FILE = GymTrack/Info.plist;
				LD_RUNPATH_SEARCH_PATHS = (
					"$(inherited)",
					"@executable_path/Frameworks",
				);
				PRODUCT_BUNDLE_IDENTIFIER = com.caesargutierrez.GymTrack;
				PRODUCT_NAME = "$(TARGET_NAME)";
				SWIFT_VERSION = 5.0;
				TARGETED_DEVICE_FAMILY = "1,2";
			};
			name = Release;
		};
/* End XCBuildConfiguration section */

/* Begin XCConfigurationList section */
		CD75A9C425FC6D3400A58957 /* Build configuration list for PBXProject "GymTrack" */ = {
			isa = XCConfigurationList;
			buildConfigurations = (
				CD75A9DE25FC6D3800A58957 /* Debug */,
				CD75A9DF25FC6D3800A58957 /* Release */,
			);
			defaultConfigurationIsVisible = 0;
			defaultConfigurationName = Release;
		};
		CD75A9E025FC6D3800A58957 /* Build configuration list for PBXNativeTarget "GymTrack" */ = {
			isa = XCConfigurationList;
			buildConfigurations = (
				CD75A9E125FC6D3800A58957 /* Debug */,
				CD75A9E225FC6D3800A58957 /* Release */,
			);
			defaultConfigurationIsVisible = 0;
			defaultConfigurationName = Release;
		};
/* End XCConfigurationList section */

/* Begin XCVersionGroup section */
		CD75A9D525FC6D3400A58957 /* GymTrack.xcdatamodeld */ = {
			isa = XCVersionGroup;
			children = (
				CD75A9D625FC6D3400A58957 /* GymTrack.xcdatamodel */,
			);
			currentVersion = CD75A9D625FC6D3400A58957 /* GymTrack.xcdatamodel */;
			path = GymTrack.xcdatamodeld;
			sourceTree = "<group>";
			versionGroupType = wrapper.xcdatamodel;
		};
/* End XCVersionGroup section */
	};
	rootObject = CD75A9C125FC6D3400A58957 /* Project object */;
}
